
Microsoft Visual Studio Solution File, Format Version 12.00
# Visual Studio Version 17
VisualStudioVersion = 17.5.33530.505
MinimumVisualStudioVersion = 10.0.40219.1
Project("{9A19103F-16F7-4668-BE54-9A1E7A4F7556}") = "ProjectAPI", "ProjectAPI\ProjectAPI.csproj", "{BFE9F9BC-D1B2-46E3-9FF5-110560F520F4}"
EndProject
Project("{FAE04EC0-301F-11D3-BF4B-00C04F79EFBC}") = "ProjectAPIAuth", "ProjectAPIAuth\ProjectAPIAuth.csproj", "{62D5D562-8919-472F-9828-5E3534A9FEE0}"
EndProject
Global
	GlobalSection(SolutionConfigurationPlatforms) = preSolution
		Debug|Any CPU = Debug|Any CPU
		Release|Any CPU = Release|Any CPU
	EndGlobalSection
	GlobalSection(ProjectConfigurationPlatforms) = postSolution
		{BFE9F9BC-D1B2-46E3-9FF5-110560F520F4}.Debug|Any CPU.ActiveCfg = Debug|Any CPU
		{BFE9F9BC-D1B2-46E3-9FF5-110560F520F4}.Debug|Any CPU.Build.0 = Debug|Any CPU
		{BFE9F9BC-D1B2-46E3-9FF5-110560F520F4}.Release|Any CPU.ActiveCfg = Release|Any CPU
		{BFE9F9BC-D1B2-46E3-9FF5-110560F520F4}.Release|Any CPU.Build.0 = Release|Any CPU
		{62D5D562-8919-472F-9828-5E3534A9FEE0}.Debug|Any CPU.ActiveCfg = Debug|Any CPU
		{62D5D562-8919-472F-9828-5E3534A9FEE0}.Debug|Any CPU.Build.0 = Debug|Any CPU
		{62D5D562-8919-472F-9828-5E3534A9FEE0}.Release|Any CPU.ActiveCfg = Release|Any CPU
		{62D5D562-8919-472F-9828-5E3534A9FEE0}.Release|Any CPU.Build.0 = Release|Any CPU
	EndGlobalSection
	GlobalSection(SolutionProperties) = preSolution
		HideSolutionNode = FALSE
	EndGlobalSection
	GlobalSection(ExtensibilityGlobals) = postSolution
		SolutionGuid = {CBAEE761-8CB3-41C8-A386-5AFEAC491AC8}
	EndGlobalSection
EndGlobal
